# macOS arm64 / CPython 3.12.14; runtime wheel lock.
# Regenerate deliberately with ./script/lock-macos.sh (pip 25.0.1).
# Exact wheels selected on native macOS; installation never falls back to source.
# annotated_types-0.7.0-py3-none-any.whl
annotated-types==0.7.0 \
    --hash=sha256:1f02e8b43a8fbbc3f3e0d4f0f4bfc8131bcb4eebe8849b8e5c773f3a1c582a53
# anyio-4.13.0-py3-none-any.whl
anyio==4.13.0 \
    --hash=sha256:08b310f9e24a9594186fd75b4f73f4a4152069e3853f1ed8bfbf58369f4ad708
# babel-2.18.0-py3-none-any.whl
babel==2.18.0 \
    --hash=sha256:e2b422b277c2b9a9630c1d7903c2a00d0830c409c59ac8cae9081c92f1aeba35
# certifi-2026.5.20-py3-none-any.whl
certifi==2026.5.20 \
    --hash=sha256:3c52e209ba0a4ad7aebe60436a4ab349c39e1e602e8c134221e546902ad25897
# cffi-2.0.0-cp312-cp312-macosx_11_0_arm64.whl
cffi==2.0.0 \
    --hash=sha256:8eca2a813c1cb7ad4fb74d368c2ffbbb4789d377ee5bb8df98373c2cc0dee76c
# charset_normalizer-3.5.1-cp312-cp312-macosx_10_13_universal2.whl
charset-normalizer==3.5.1 \
    --hash=sha256:5b6d1386bf0096d26d3a863dc0a487a5b4eb9aa93cf5ba69683d29dde6b9d60f
# click-8.4.1-py3-none-any.whl
click==8.4.1 \
    --hash=sha256:482be17c6991b8c19c5429a1e995d9b0efdbb63172824c41f99965dc0ade8ec2
# colorama-0.4.6-py2.py3-none-any.whl
colorama==0.4.6 \
    --hash=sha256:4f1d9991f5acc0ca119f9d443620b77f9d6b33703e51011c16baf57afb285fc6
# courlan-1.4.0-py3-none-any.whl
courlan==1.4.0 \
    --hash=sha256:ad1dbdefd912ca7238d4607dc855df5df097f56bac175dd662c84eed3802f49e
# cryptography-49.0.0-cp311-abi3-macosx_11_0_arm64.whl
cryptography==49.0.0 \
    --hash=sha256:966fe0e9c67490071f14c0d2b1cb2dfb3023c5ce39457343931415f08382f2db
# dateparser-1.4.3-py3-none-any.whl
dateparser==1.4.3 \
    --hash=sha256:cbce86c64e0cea5c54c84c015d34c903d46c51bfad50632bf2f05a6141d10c05
# ddgs-9.16.0-py3-none-any.whl
ddgs==9.16.0 \
    --hash=sha256:175d9198c958a263f51a06a54368ba0b41294942c0cd29f4aa71be03dbcd5f4a
# distro-1.9.0-py3-none-any.whl
distro==1.9.0 \
    --hash=sha256:7bffd925d65168f85027d8da9af6bddab658135b840670a223589bc0c8ef02b2
# h11-0.16.0-py3-none-any.whl
h11==0.16.0 \
    --hash=sha256:63cf8bbe7522de3bf65932fda1d9c2772064ffb3dae62d55932da54b31cb6c86
# htmldate-1.10.0-py3-none-any.whl
htmldate==1.10.0 \
    --hash=sha256:9211dae35ab94147c8ed9e5fc2c9287a5cf31d2394cb7857e7f5dd814eb2aad6
# httpcore-1.0.9-py3-none-any.whl
httpcore==1.0.9 \
    --hash=sha256:2d400746a40668fc9dec9810239072b40b4484b640a8c38fd654a024c7a1bf55
# httpx-0.28.1-py3-none-any.whl
httpx==0.28.1 \
    --hash=sha256:d909fcccc110f8c7faf814ca82a9a4d816bc5a6dbfea25d6591d6985b8ba59ad
# idna-3.18-py3-none-any.whl
idna==3.18 \
    --hash=sha256:7f952cbe720b688055e3f87de14f5c3e5fdaa8bc3928985c4077ca689de849a2
# jiter-0.15.0-cp312-cp312-macosx_11_0_arm64.whl
jiter==0.15.0 \
    --hash=sha256:8c9004af7c8d67cce7f1aae1026fb55607f4aa600710d08ede3a3ce4aeefe7e0
# justext-3.0.2-py2.py3-none-any.whl
justext==3.0.2 \
    --hash=sha256:62b1c562b15c3c6265e121cc070874243a443bfd53060e869393f09d6b6cc9a7
# lxml-6.1.3-cp312-cp312-macosx_10_13_universal2.whl
lxml==6.1.3 \
    --hash=sha256:0c0710ac085a157b593c38fbcacd950f15c4afa8e2057527185875ab302752bc
# lxml_html_clean-0.4.5-py3-none-any.whl
lxml-html-clean==0.4.5 \
    --hash=sha256:c76fcadd1e5bfb9b8bafc2200d51e4e78eb0dad67f56881c21dfb6484c7e7746
# numpy-2.4.6-cp312-cp312-macosx_14_0_arm64.whl
numpy==2.4.6 \
    --hash=sha256:3213d622a0283a39a93d188f3cf72b26862df52fbb4ca3697f51705016523d41
# ollama-0.6.2-py3-none-any.whl
ollama==0.6.2 \
    --hash=sha256:3ad7daab28e5a973445c36a73882a3ef698c2ebb00e21e308652741577509f7d
# openai-2.41.1-py3-none-any.whl
openai==2.41.1 \
    --hash=sha256:a939565f350cb7443cb843b801b88c716ac8024b492fb94ca269d5f6b1bbefd6
# pillow-12.3.0-cp312-cp312-macosx_11_0_arm64.whl
pillow==12.3.0 \
    --hash=sha256:ffd0c5368496f41b0944be820fcb7a838aa6e623d250b01acf2643939c3f99d7
# primp-2.0.0-cp310-abi3-macosx_11_0_arm64.whl
primp==2.0.0 \
    --hash=sha256:c55f8ab86b7cc076b34ee0316ded6c30e9932ea010aeae3f8fe5cf30d9ecccf7
# pycparser-3.0-py3-none-any.whl
pycparser==3.0 \
    --hash=sha256:b727414169a36b7d524c1c3e31839a521725078d7b2ff038656844266160a992
# pydantic-2.13.4-py3-none-any.whl
pydantic==2.13.4 \
    --hash=sha256:45a282cde31d808236fd7ea9d919b128653c8b38b393d1c4ab335c62924d9aba
# pydantic_core-2.46.4-cp312-cp312-macosx_11_0_arm64.whl
pydantic-core==2.46.4 \
    --hash=sha256:962ccbab7b642487b1d8b7df90ef677e03134cf1fd8880bf698649b22a69371f
# python_dateutil-2.9.0.post0-py2.py3-none-any.whl
python-dateutil==2.9.0.post0 \
    --hash=sha256:a8b2bc7bffae282281c8140a97d3aa9c14da0b136dfe83f850eea9a5f7470427
# python_dotenv-1.2.2-py3-none-any.whl
python-dotenv==1.2.2 \
    --hash=sha256:1d8214789a24de455a8b8bd8ae6fe3c6b69a5e3d64aa8a8e5d68e694bbcb285a
# pytz-2026.3.post1-py2.py3-none-any.whl
pytz==2026.3.post1 \
    --hash=sha256:dd95840dd199baea12d9cc096a1d452caa6596a1c1e4b5f3dbd1541855d5e815
# regex-2026.9.3-cp312-cp312-macosx_11_0_arm64.whl
regex==2026.9.3 \
    --hash=sha256:1f22e0d21ae7016c77175c139a7fca465b988efc1280df4816c79752068d9e2e
# six-1.17.0-py2.py3-none-any.whl
six==1.17.0 \
    --hash=sha256:4721f391ed90541fddacab5acf947aa0d3dc7d27b2e1e8eda2be8970586c3274
# sniffio-1.3.1-py3-none-any.whl
sniffio==1.3.1 \
    --hash=sha256:2f6da418d1f1e0fddd844478f41680e794e6051915791a034ff65e5f100525a2
# sqlcipher3-0.6.2-cp312-cp312-macosx_11_0_arm64.whl
sqlcipher3==0.6.2 \
    --hash=sha256:bc2edd981e65783bc0d4e337704a9eb436871ab91c68af02ed76354876087642
# sqlite_vec-0.1.9-py3-none-macosx_11_0_arm64.whl
sqlite-vec==0.1.9 \
    --hash=sha256:1d52e30513bae4cc9778ddbf6145610434081be4c3afe57cd877893bad9f6b6c
# tld-0.13.2-py2.py3-none-any.whl
tld==0.13.2 \
    --hash=sha256:9b8fdbdb880e7ba65b216a4937f2c94c49a7226723783d5838fc958ac76f4e0c
# tqdm-4.68.2-py3-none-any.whl
tqdm==4.68.2 \
    --hash=sha256:d4240441fb5353290b87d6a85968c9decc131a99b8c7faa28269d829de669ede
# trafilatura-2.2.0-py3-none-any.whl
trafilatura==2.2.0 \
    --hash=sha256:ac43592a6201264dfc4f9c361cbe3eb3fea96e54437010a159d5e7365360ed98
# typing_extensions-4.15.0-py3-none-any.whl
typing-extensions==4.15.0 \
    --hash=sha256:f0fa19c6845758ab08074a0cfa8b7aecb71c999ca73d62883bc25cc018c4e548
# typing_inspection-0.4.2-py3-none-any.whl
typing-inspection==0.4.2 \
    --hash=sha256:4ed1cacbdc298c220f1bd249ed5287caa16f34d44ef4e9c3d0cbad5b521545e7
# tzdata-2026.3-py2.py3-none-any.whl
tzdata==2026.3 \
    --hash=sha256:dc096730c87af6cab1b171c9d532be840741ff5d459015e7f6947bd7d7e54931
# tzlocal-5.4.4-py3-none-any.whl
tzlocal==5.4.4 \
    --hash=sha256:aae09f0126a8a86fa736be266eb4a471380d26a0de3bc14844e7821fee3e2a15
# urllib3-2.7.0-py3-none-any.whl
urllib3==2.7.0 \
    --hash=sha256:9fb4c81ebbb1ce9531cce37674bbc6f1360472bc18ca9a553ede278ef7276897
# websockets-16.0-cp312-cp312-macosx_11_0_arm64.whl
websockets==16.0 \
    --hash=sha256:86890e837d61574c92a97496d590968b23c2ef0aeb8a9bc9421d174cd378ae39
